
Microsoft Visual Studio Solution File, Format Version 12.00
# Visual Studio Version 17
Project("{2150E333-8FDC-42A3-9474-1A3956D46DE8}") = "CMakePredefinedTargets", "CMakePredefinedTargets", "{48443886-74BD-3BB5-9074-ACC503EC7AE4}"
EndProject
Project("{8BC9CEB8-8B4A-11D0-8D11-00A0C91BC942}") = "ALL_BUILD", "ALL_BUILD.vcxproj", "{1CAF5D77-BD42-3294-B074-1F278256DF9C}"
	ProjectSection(ProjectDependencies) = postProject
		{BBB7AB9D-1CAD-3E65-9F89-17D92AA1DD92} = {BBB7AB9D-1CAD-3E65-9F89-17D92AA1DD92}
		{FE99378C-DF81-3371-A1B9-386083640D41} = {FE99378C-DF81-3371-A1B9-386083640D41}
	EndProjectSection
EndProject
Project("{8BC9CEB8-8B4A-11D0-8D11-00A0C91BC942}") = "INSTALL", "INSTALL.vcxproj", "{3515C6CC-22AB-3913-A17E-53952222D43E}"
	ProjectSection(ProjectDependencies) = postProject
		{1CAF5D77-BD42-3294-B074-1F278256DF9C} = {1CAF5D77-BD42-3294-B074-1F278256DF9C}
		{BBB7AB9D-1CAD-3E65-9F89-17D92AA1DD92} = {BBB7AB9D-1CAD-3E65-9F89-17D92AA1DD92}
	EndProjectSection
EndProject
Project("{8BC9CEB8-8B4A-11D0-8D11-00A0C91BC942}") = "PACKAGE", "PACKAGE.vcxproj", "{05306A55-546D-3FD2-8C8D-7484CD9012A8}"
	ProjectSection(ProjectDependencies) = postProject
		{1CAF5D77-BD42-3294-B074-1F278256DF9C} = {1CAF5D77-BD42-3294-B074-1F278256DF9C}
		{BBB7AB9D-1CAD-3E65-9F89-17D92AA1DD92} = {BBB7AB9D-1CAD-3E65-9F89-17D92AA1DD92}
	EndProjectSection
EndProject
Project("{8BC9CEB8-8B4A-11D0-8D11-00A0C91BC942}") = "ZERO_CHECK", "ZERO_CHECK.vcxproj", "{BBB7AB9D-1CAD-3E65-9F89-17D92AA1DD92}"
	ProjectSection(ProjectDependencies) = postProject
	EndProjectSection
EndProject
Project("{8BC9CEB8-8B4A-11D0-8D11-00A0C91BC942}") = "opus", "opus.vcxproj", "{FE99378C-DF81-3371-A1B9-386083640D41}"
	ProjectSection(ProjectDependencies) = postProject
		{BBB7AB9D-1CAD-3E65-9F89-17D92AA1DD92} = {BBB7AB9D-1CAD-3E65-9F89-17D92AA1DD92}
	EndProjectSection
EndProject
Global
	GlobalSection(SolutionConfigurationPlatforms) = preSolution
		Debug|x64 = Debug|x64
		Release|x64 = Release|x64
		MinSizeRel|x64 = MinSizeRel|x64
		RelWithDebInfo|x64 = RelWithDebInfo|x64
	EndGlobalSection
	GlobalSection(ProjectConfigurationPlatforms) = postSolution
		{1CAF5D77-BD42-3294-B074-1F278256DF9C}.Debug|x64.ActiveCfg = Debug|x64
		{1CAF5D77-BD42-3294-B074-1F278256DF9C}.Debug|x64.Build.0 = Debug|x64
		{1CAF5D77-BD42-3294-B074-1F278256DF9C}.Release|x64.ActiveCfg = Release|x64
		{1CAF5D77-BD42-3294-B074-1F278256DF9C}.Release|x64.Build.0 = Release|x64
		{1CAF5D77-BD42-3294-B074-1F278256DF9C}.MinSizeRel|x64.ActiveCfg = MinSizeRel|x64
		{1CAF5D77-BD42-3294-B074-1F278256DF9C}.MinSizeRel|x64.Build.0 = MinSizeRel|x64
		{1CAF5D77-BD42-3294-B074-1F278256DF9C}.RelWithDebInfo|x64.ActiveCfg = RelWithDebInfo|x64
		{1CAF5D77-BD42-3294-B074-1F278256DF9C}.RelWithDebInfo|x64.Build.0 = RelWithDebInfo|x64
		{3515C6CC-22AB-3913-A17E-53952222D43E}.Debug|x64.ActiveCfg = Debug|x64
		{3515C6CC-22AB-3913-A17E-53952222D43E}.Release|x64.ActiveCfg = Release|x64
		{3515C6CC-22AB-3913-A17E-53952222D43E}.MinSizeRel|x64.ActiveCfg = MinSizeRel|x64
		{3515C6CC-22AB-3913-A17E-53952222D43E}.RelWithDebInfo|x64.ActiveCfg = RelWithDebInfo|x64
		{05306A55-546D-3FD2-8C8D-7484CD9012A8}.Debug|x64.ActiveCfg = Debug|x64
		{05306A55-546D-3FD2-8C8D-7484CD9012A8}.Release|x64.ActiveCfg = Release|x64
		{05306A55-546D-3FD2-8C8D-7484CD9012A8}.MinSizeRel|x64.ActiveCfg = MinSizeRel|x64
		{05306A55-546D-3FD2-8C8D-7484CD9012A8}.RelWithDebInfo|x64.ActiveCfg = RelWithDebInfo|x64
		{BBB7AB9D-1CAD-3E65-9F89-17D92AA1DD92}.Debug|x64.ActiveCfg = Debug|x64
		{BBB7AB9D-1CAD-3E65-9F89-17D92AA1DD92}.Debug|x64.Build.0 = Debug|x64
		{BBB7AB9D-1CAD-3E65-9F89-17D92AA1DD92}.Release|x64.ActiveCfg = Release|x64
		{BBB7AB9D-1CAD-3E65-9F89-17D92AA1DD92}.Release|x64.Build.0 = Release|x64
		{BBB7AB9D-1CAD-3E65-9F89-17D92AA1DD92}.MinSizeRel|x64.ActiveCfg = MinSizeRel|x64
		{BBB7AB9D-1CAD-3E65-9F89-17D92AA1DD92}.MinSizeRel|x64.Build.0 = MinSizeRel|x64
		{BBB7AB9D-1CAD-3E65-9F89-17D92AA1DD92}.RelWithDebInfo|x64.ActiveCfg = RelWithDebInfo|x64
		{BBB7AB9D-1CAD-3E65-9F89-17D92AA1DD92}.RelWithDebInfo|x64.Build.0 = RelWithDebInfo|x64
		{FE99378C-DF81-3371-A1B9-386083640D41}.Debug|x64.ActiveCfg = Debug|x64
		{FE99378C-DF81-3371-A1B9-386083640D41}.Debug|x64.Build.0 = Debug|x64
		{FE99378C-DF81-3371-A1B9-386083640D41}.Release|x64.ActiveCfg = Release|x64
		{FE99378C-DF81-3371-A1B9-386083640D41}.Release|x64.Build.0 = Release|x64
		{FE99378C-DF81-3371-A1B9-386083640D41}.MinSizeRel|x64.ActiveCfg = MinSizeRel|x64
		{FE99378C-DF81-3371-A1B9-386083640D41}.MinSizeRel|x64.Build.0 = MinSizeRel|x64
		{FE99378C-DF81-3371-A1B9-386083640D41}.RelWithDebInfo|x64.ActiveCfg = RelWithDebInfo|x64
		{FE99378C-DF81-3371-A1B9-386083640D41}.RelWithDebInfo|x64.Build.0 = RelWithDebInfo|x64
	EndGlobalSection
	GlobalSection(NestedProjects) = preSolution
		{1CAF5D77-BD42-3294-B074-1F278256DF9C} = {48443886-74BD-3BB5-9074-ACC503EC7AE4}
		{3515C6CC-22AB-3913-A17E-53952222D43E} = {48443886-74BD-3BB5-9074-ACC503EC7AE4}
		{05306A55-546D-3FD2-8C8D-7484CD9012A8} = {48443886-74BD-3BB5-9074-ACC503EC7AE4}
		{BBB7AB9D-1CAD-3E65-9F89-17D92AA1DD92} = {48443886-74BD-3BB5-9074-ACC503EC7AE4}
	EndGlobalSection
	GlobalSection(ExtensibilityGlobals) = postSolution
		SolutionGuid = {C626F516-23C8-3C19-BD5B-1894719A86A6}
	EndGlobalSection
	GlobalSection(ExtensibilityAddIns) = postSolution
	EndGlobalSection
EndGlobal
